
Microsoft Visual Studio Solution File, Format Version 12.00
# Visual Studio Version 16
VisualStudioVersion = 16.0.809.7
MinimumVisualStudioVersion = 10.0.40219.1
Project("{FAE04EC0-301F-11D3-BF4B-00C04F79EFBC}") = "RichardsonAPIsAdapterExecution", "RichardsonAPIsAdapterExecution.csproj", "{B48CBABA-3A24-4814-9640-EF0ACEB84FEF}"
EndProject
Global
	GlobalSection(SolutionConfigurationPlatforms) = preSolution
		Debug|Any CPU = Debug|Any CPU
		Release|Any CPU = Release|Any CPU
	EndGlobalSection
	GlobalSection(ProjectConfigurationPlatforms) = postSolution
		{B48CBABA-3A24-4814-9640-EF0ACEB84FEF}.Debug|Any CPU.ActiveCfg = Debug|Any CPU
		{B48CBABA-3A24-4814-9640-EF0ACEB84FEF}.Debug|Any CPU.Build.0 = Debug|Any CPU
		{B48CBABA-3A24-4814-9640-EF0ACEB84FEF}.Release|Any CPU.ActiveCfg = Release|Any CPU
		{B48CBABA-3A24-4814-9640-EF0ACEB84FEF}.Release|Any CPU.Build.0 = Release|Any CPU
	EndGlobalSection
	GlobalSection(SolutionProperties) = preSolution
		HideSolutionNode = FALSE
	EndGlobalSection
	GlobalSection(ExtensibilityGlobals) = postSolution
		SolutionGuid = {4319D0BC-7AE2-4F7E-B220-35C813031E83}
	EndGlobalSection
EndGlobal
