
Microsoft Visual Studio Solution File, Format Version 12.00
# Visual Studio Version 16
VisualStudioVersion = 16.0.30717.126
MinimumVisualStudioVersion = 10.0.40219.1
Project("{FAE04EC0-301F-11D3-BF4B-00C04F79EFBC}") = "DesklampAndTrafficlight", "DesklampAndTrafficlight\DesklampAndTrafficlight.csproj", "{CB1CD038-320A-49CC-84F6-49EF8E2AD379}"
EndProject
Project("{FAE04EC0-301F-11D3-BF4B-00C04F79EFBC}") = "ChutesAndLadders", "ChutesAndLadders\ChutesAndLadders.csproj", "{AAD09EF6-D8BD-4701-B695-A87A671D040B}"
EndProject
Project("{FAE04EC0-301F-11D3-BF4B-00C04F79EFBC}") = "EzModelStateTable", "EzModelStateTable\EzModelStateTable.csproj", "{02D23C75-DBCD-4694-9E67-00BBC7654E2D}"
EndProject
Project("{FAE04EC0-301F-11D3-BF4B-00C04F79EFBC}") = "ChatRoom", "ChatRoom\ChatRoom.csproj", "{EED5DA81-04DE-4206-BECC-2B7A09551369}"
EndProject
Project("{FAE04EC0-301F-11D3-BF4B-00C04F79EFBC}") = "MultiUserChatRoom", "MultiUserChatRoom\MultiUserChatRoom.csproj", "{26E241B8-28CD-4F98-9271-A0D1D2A1F24B}"
EndProject
Project("{FAE04EC0-301F-11D3-BF4B-00C04F79EFBC}") = "AlanRichardsonAPIs", "AlanRichardsonAPIs\AlanRichardsonAPIs.csproj", "{1544B095-BC78-41FC-8FCB-FF1A8B004DFC}"
EndProject
Project("{FAE04EC0-301F-11D3-BF4B-00C04F79EFBC}") = "TodoAPIsExplicit3", "AlanRichardsonAPIsHairball\TodoAPIsExplicit3.csproj", "{722B7100-6DB5-401A-B226-073EEE449095}"
EndProject
Project("{FAE04EC0-301F-11D3-BF4B-00C04F79EFBC}") = "RichardsonAPIsAdapterExecution", "RichardsonAPIsAdapterExecution\RichardsonAPIsAdapterExecution.csproj", "{EFA1AC1E-F3C3-44D8-BBBE-2199EA6D1E74}"
EndProject
Project("{FAE04EC0-301F-11D3-BF4B-00C04F79EFBC}") = "SynchronousHttpClientExecuter", "SynchronousHttpClientExecuter\SynchronousHttpClientExecuter.csproj", "{43322E20-E3EE-4DB5-8251-0756FEE834A1}"
EndProject
Project("{FAE04EC0-301F-11D3-BF4B-00C04F79EFBC}") = "RichardsonAPIsActiveTodos", "RichardsonAPIsTodosTodo\RichardsonAPIsActiveTodos.csproj", "{35745A34-034E-4BB9-B282-2E6E018F84F4}"
EndProject
Project("{FAE04EC0-301F-11D3-BF4B-00C04F79EFBC}") = "TodoAPIsExplicit1", "TodoAPIsExplicit1\TodoAPIsExplicit1.csproj", "{2C662D91-E1F3-48F1-9DBD-CDF66EAC74D6}"
EndProject
Project("{FAE04EC0-301F-11D3-BF4B-00C04F79EFBC}") = "TodoAPIsExplicit2", "TodoAPIsExplicit2\TodoAPIsExplicit2.csproj", "{3C852BDD-6524-4E31-9BDE-8ED0DE82C0BF}"
EndProject
Project("{FAE04EC0-301F-11D3-BF4B-00C04F79EFBC}") = "TodoAPIsHairball", "TodoAPIsHairball\TodoAPIsHairball.csproj", "{80AAD770-B509-4C82-9241-FF9D4110B8C9}"
EndProject
Global
	GlobalSection(SolutionConfigurationPlatforms) = preSolution
		Debug|Any CPU = Debug|Any CPU
		Release|Any CPU = Release|Any CPU
	EndGlobalSection
	GlobalSection(ProjectConfigurationPlatforms) = postSolution
		{CB1CD038-320A-49CC-84F6-49EF8E2AD379}.Debug|Any CPU.ActiveCfg = Debug|Any CPU
		{CB1CD038-320A-49CC-84F6-49EF8E2AD379}.Debug|Any CPU.Build.0 = Debug|Any CPU
		{CB1CD038-320A-49CC-84F6-49EF8E2AD379}.Release|Any CPU.ActiveCfg = Release|Any CPU
		{CB1CD038-320A-49CC-84F6-49EF8E2AD379}.Release|Any CPU.Build.0 = Release|Any CPU
		{AAD09EF6-D8BD-4701-B695-A87A671D040B}.Debug|Any CPU.ActiveCfg = Debug|Any CPU
		{AAD09EF6-D8BD-4701-B695-A87A671D040B}.Debug|Any CPU.Build.0 = Debug|Any CPU
		{AAD09EF6-D8BD-4701-B695-A87A671D040B}.Release|Any CPU.ActiveCfg = Release|Any CPU
		{AAD09EF6-D8BD-4701-B695-A87A671D040B}.Release|Any CPU.Build.0 = Release|Any CPU
		{02D23C75-DBCD-4694-9E67-00BBC7654E2D}.Debug|Any CPU.ActiveCfg = Debug|Any CPU
		{02D23C75-DBCD-4694-9E67-00BBC7654E2D}.Debug|Any CPU.Build.0 = Debug|Any CPU
		{02D23C75-DBCD-4694-9E67-00BBC7654E2D}.Release|Any CPU.ActiveCfg = Release|Any CPU
		{02D23C75-DBCD-4694-9E67-00BBC7654E2D}.Release|Any CPU.Build.0 = Release|Any CPU
		{EED5DA81-04DE-4206-BECC-2B7A09551369}.Debug|Any CPU.ActiveCfg = Debug|Any CPU
		{EED5DA81-04DE-4206-BECC-2B7A09551369}.Debug|Any CPU.Build.0 = Debug|Any CPU
		{EED5DA81-04DE-4206-BECC-2B7A09551369}.Release|Any CPU.ActiveCfg = Release|Any CPU
		{EED5DA81-04DE-4206-BECC-2B7A09551369}.Release|Any CPU.Build.0 = Release|Any CPU
		{26E241B8-28CD-4F98-9271-A0D1D2A1F24B}.Debug|Any CPU.ActiveCfg = Debug|Any CPU
		{26E241B8-28CD-4F98-9271-A0D1D2A1F24B}.Debug|Any CPU.Build.0 = Debug|Any CPU
		{26E241B8-28CD-4F98-9271-A0D1D2A1F24B}.Release|Any CPU.ActiveCfg = Release|Any CPU
		{26E241B8-28CD-4F98-9271-A0D1D2A1F24B}.Release|Any CPU.Build.0 = Release|Any CPU
		{1544B095-BC78-41FC-8FCB-FF1A8B004DFC}.Debug|Any CPU.ActiveCfg = Debug|Any CPU
		{1544B095-BC78-41FC-8FCB-FF1A8B004DFC}.Debug|Any CPU.Build.0 = Debug|Any CPU
		{1544B095-BC78-41FC-8FCB-FF1A8B004DFC}.Release|Any CPU.ActiveCfg = Release|Any CPU
		{1544B095-BC78-41FC-8FCB-FF1A8B004DFC}.Release|Any CPU.Build.0 = Release|Any CPU
		{722B7100-6DB5-401A-B226-073EEE449095}.Debug|Any CPU.ActiveCfg = Debug|Any CPU
		{722B7100-6DB5-401A-B226-073EEE449095}.Debug|Any CPU.Build.0 = Debug|Any CPU
		{722B7100-6DB5-401A-B226-073EEE449095}.Release|Any CPU.ActiveCfg = Release|Any CPU
		{722B7100-6DB5-401A-B226-073EEE449095}.Release|Any CPU.Build.0 = Release|Any CPU
		{EFA1AC1E-F3C3-44D8-BBBE-2199EA6D1E74}.Debug|Any CPU.ActiveCfg = Debug|Any CPU
		{EFA1AC1E-F3C3-44D8-BBBE-2199EA6D1E74}.Debug|Any CPU.Build.0 = Debug|Any CPU
		{EFA1AC1E-F3C3-44D8-BBBE-2199EA6D1E74}.Release|Any CPU.ActiveCfg = Release|Any CPU
		{EFA1AC1E-F3C3-44D8-BBBE-2199EA6D1E74}.Release|Any CPU.Build.0 = Release|Any CPU
		{43322E20-E3EE-4DB5-8251-0756FEE834A1}.Debug|Any CPU.ActiveCfg = Debug|Any CPU
		{43322E20-E3EE-4DB5-8251-0756FEE834A1}.Debug|Any CPU.Build.0 = Debug|Any CPU
		{43322E20-E3EE-4DB5-8251-0756FEE834A1}.Release|Any CPU.ActiveCfg = Release|Any CPU
		{43322E20-E3EE-4DB5-8251-0756FEE834A1}.Release|Any CPU.Build.0 = Release|Any CPU
		{35745A34-034E-4BB9-B282-2E6E018F84F4}.Debug|Any CPU.ActiveCfg = Debug|Any CPU
		{35745A34-034E-4BB9-B282-2E6E018F84F4}.Debug|Any CPU.Build.0 = Debug|Any CPU
		{35745A34-034E-4BB9-B282-2E6E018F84F4}.Release|Any CPU.ActiveCfg = Release|Any CPU
		{35745A34-034E-4BB9-B282-2E6E018F84F4}.Release|Any CPU.Build.0 = Release|Any CPU
		{2C662D91-E1F3-48F1-9DBD-CDF66EAC74D6}.Debug|Any CPU.ActiveCfg = Debug|Any CPU
		{2C662D91-E1F3-48F1-9DBD-CDF66EAC74D6}.Debug|Any CPU.Build.0 = Debug|Any CPU
		{2C662D91-E1F3-48F1-9DBD-CDF66EAC74D6}.Release|Any CPU.ActiveCfg = Release|Any CPU
		{2C662D91-E1F3-48F1-9DBD-CDF66EAC74D6}.Release|Any CPU.Build.0 = Release|Any CPU
		{3C852BDD-6524-4E31-9BDE-8ED0DE82C0BF}.Debug|Any CPU.ActiveCfg = Debug|Any CPU
		{3C852BDD-6524-4E31-9BDE-8ED0DE82C0BF}.Debug|Any CPU.Build.0 = Debug|Any CPU
		{3C852BDD-6524-4E31-9BDE-8ED0DE82C0BF}.Release|Any CPU.ActiveCfg = Release|Any CPU
		{3C852BDD-6524-4E31-9BDE-8ED0DE82C0BF}.Release|Any CPU.Build.0 = Release|Any CPU
		{80AAD770-B509-4C82-9241-FF9D4110B8C9}.Debug|Any CPU.ActiveCfg = Debug|Any CPU
		{80AAD770-B509-4C82-9241-FF9D4110B8C9}.Debug|Any CPU.Build.0 = Debug|Any CPU
		{80AAD770-B509-4C82-9241-FF9D4110B8C9}.Release|Any CPU.ActiveCfg = Release|Any CPU
		{80AAD770-B509-4C82-9241-FF9D4110B8C9}.Release|Any CPU.Build.0 = Release|Any CPU
	EndGlobalSection
	GlobalSection(SolutionProperties) = preSolution
		HideSolutionNode = FALSE
	EndGlobalSection
	GlobalSection(ExtensibilityGlobals) = postSolution
		SolutionGuid = {4DC4BCE7-A316-41CD-B89A-7BE9A2DD38A1}
	EndGlobalSection
EndGlobal
